
Microsoft Visual Studio Solution File, Format Version 11.00
# Visual Studio 2010
Project("{FAE04EC0-301F-11D3-BF4B-00C04F79EFBC}") = "ClidePackage1", "ClidePackage1\ClidePackage1.csproj", "{321C85DD-5BFD-4A45-BA47-C99F7B8B2BC3}"
EndProject
Project("{FAE04EC0-301F-11D3-BF4B-00C04F79EFBC}") = "ClidePackage2", "ClidePackage2\ClidePackage2.csproj", "{6C35DBE1-177E-4CE7-A843-9ABAAFB88B89}"
EndProject
Global
	GlobalSection(SolutionConfigurationPlatforms) = preSolution
		Debug|Any CPU = Debug|Any CPU
		Release|Any CPU = Release|Any CPU
	EndGlobalSection
	GlobalSection(ProjectConfigurationPlatforms) = postSolution
		{321C85DD-5BFD-4A45-BA47-C99F7B8B2BC3}.Debug|Any CPU.ActiveCfg = Debug|Any CPU
		{321C85DD-5BFD-4A45-BA47-C99F7B8B2BC3}.Debug|Any CPU.Build.0 = Debug|Any CPU
		{321C85DD-5BFD-4A45-BA47-C99F7B8B2BC3}.Release|Any CPU.ActiveCfg = Release|Any CPU
		{321C85DD-5BFD-4A45-BA47-C99F7B8B2BC3}.Release|Any CPU.Build.0 = Release|Any CPU
		{6C35DBE1-177E-4CE7-A843-9ABAAFB88B89}.Debug|Any CPU.ActiveCfg = Debug|Any CPU
		{6C35DBE1-177E-4CE7-A843-9ABAAFB88B89}.Debug|Any CPU.Build.0 = Debug|Any CPU
		{6C35DBE1-177E-4CE7-A843-9ABAAFB88B89}.Release|Any CPU.ActiveCfg = Release|Any CPU
		{6C35DBE1-177E-4CE7-A843-9ABAAFB88B89}.Release|Any CPU.Build.0 = Release|Any CPU
	EndGlobalSection
	GlobalSection(SolutionProperties) = preSolution
		HideSolutionNode = FALSE
	EndGlobalSection
EndGlobal
