
Microsoft Visual Studio Solution File, Format Version 12.00
# Visual Studio 14
VisualStudioVersion = 14.0.25420.1
MinimumVisualStudioVersion = 10.0.40219.1
Project("{2150E333-8FDC-42A3-9474-1A3956D46DE8}") = "Solution Items", "Solution Items", "{779AC312-94DE-4CCA-BEF6-22F568107B98}"
	ProjectSection(SolutionItems) = preProject
		..\build.proj = ..\build.proj
		Clide.nuspec = Clide.nuspec
		Clide.props = Clide.props
		Clide.targets = Clide.targets
		Local.2010.testsettings = Local.2010.testsettings
		Local.2012.testsettings = Local.2012.testsettings
		Local.2013.testsettings = Local.2013.testsettings
		Local.2015.testsettings = Local.2015.testsettings
		..\ReleaseNotes.md = ..\ReleaseNotes.md
	EndProjectSection
EndProject
Project("{FAE04EC0-301F-11D3-BF4B-00C04F79EFBC}") = "Clide", "Clide\Clide.csproj", "{EAF59C6D-A973-48E6-A90A-5E894ECEC3F6}"
EndProject
Project("{FAE04EC0-301F-11D3-BF4B-00C04F79EFBC}") = "IntegrationTests", "IntegrationTests\IntegrationTests.csproj", "{DA6BC069-580E-4248-9E38-F20BDE688271}"
EndProject
Project("{FAE04EC0-301F-11D3-BF4B-00C04F79EFBC}") = "UnitTests", "UnitTests\UnitTests.csproj", "{3B640876-2510-4EED-8157-1ACB417C758D}"
EndProject
Project("{FAE04EC0-301F-11D3-BF4B-00C04F79EFBC}") = "IntegrationPackage", "IntegrationPackage\IntegrationPackage.csproj", "{41C96C7D-BC81-489C-A60E-97CF431B7608}"
EndProject
Project("{FAE04EC0-301F-11D3-BF4B-00C04F79EFBC}") = "TestComponents", "TestComponents\TestComponents.csproj", "{E6C899EA-21E8-417A-9A70-A216419836FD}"
EndProject
Global
	GlobalSection(SolutionConfigurationPlatforms) = preSolution
		Debug|Any CPU = Debug|Any CPU
		Release|Any CPU = Release|Any CPU
	EndGlobalSection
	GlobalSection(ProjectConfigurationPlatforms) = postSolution
		{EAF59C6D-A973-48E6-A90A-5E894ECEC3F6}.Debug|Any CPU.ActiveCfg = Debug|Any CPU
		{EAF59C6D-A973-48E6-A90A-5E894ECEC3F6}.Debug|Any CPU.Build.0 = Debug|Any CPU
		{EAF59C6D-A973-48E6-A90A-5E894ECEC3F6}.Release|Any CPU.ActiveCfg = Release|Any CPU
		{EAF59C6D-A973-48E6-A90A-5E894ECEC3F6}.Release|Any CPU.Build.0 = Release|Any CPU
		{DA6BC069-580E-4248-9E38-F20BDE688271}.Debug|Any CPU.ActiveCfg = Debug|x86
		{DA6BC069-580E-4248-9E38-F20BDE688271}.Debug|Any CPU.Build.0 = Debug|x86
		{DA6BC069-580E-4248-9E38-F20BDE688271}.Release|Any CPU.ActiveCfg = Release|x86
		{DA6BC069-580E-4248-9E38-F20BDE688271}.Release|Any CPU.Build.0 = Release|x86
		{3B640876-2510-4EED-8157-1ACB417C758D}.Debug|Any CPU.ActiveCfg = Debug|x86
		{3B640876-2510-4EED-8157-1ACB417C758D}.Debug|Any CPU.Build.0 = Debug|x86
		{3B640876-2510-4EED-8157-1ACB417C758D}.Release|Any CPU.ActiveCfg = Release|x86
		{3B640876-2510-4EED-8157-1ACB417C758D}.Release|Any CPU.Build.0 = Release|x86
		{41C96C7D-BC81-489C-A60E-97CF431B7608}.Debug|Any CPU.ActiveCfg = Debug|x86
		{41C96C7D-BC81-489C-A60E-97CF431B7608}.Debug|Any CPU.Build.0 = Debug|x86
		{41C96C7D-BC81-489C-A60E-97CF431B7608}.Release|Any CPU.ActiveCfg = Release|x86
		{41C96C7D-BC81-489C-A60E-97CF431B7608}.Release|Any CPU.Build.0 = Release|x86
		{E6C899EA-21E8-417A-9A70-A216419836FD}.Debug|Any CPU.ActiveCfg = Debug|Any CPU
		{E6C899EA-21E8-417A-9A70-A216419836FD}.Debug|Any CPU.Build.0 = Debug|Any CPU
		{E6C899EA-21E8-417A-9A70-A216419836FD}.Release|Any CPU.ActiveCfg = Release|Any CPU
		{E6C899EA-21E8-417A-9A70-A216419836FD}.Release|Any CPU.Build.0 = Release|Any CPU
	EndGlobalSection
	GlobalSection(SolutionProperties) = preSolution
		HideSolutionNode = FALSE
	EndGlobalSection
	GlobalSection(TestCaseManagementSettings) = postSolution
		CategoryFile = Clide.vsmdi
	EndGlobalSection
EndGlobal
