
Microsoft Visual Studio Solution File, Format Version 12.00
# Visual Studio 15
VisualStudioVersion = 15.0.27130.2010
MinimumVisualStudioVersion = 10.0.40219.1
Project("{9A19103F-16F7-4668-BE54-9A1E7A4F7556}") = "Clide.Interfaces", "Clide.Interfaces\Clide.Interfaces.csproj", "{130DA87A-D189-4404-BC7B-F8F5106578B6}"
EndProject
Project("{2150E333-8FDC-42A3-9474-1A3956D46DE8}") = "Solution Items", "Solution Items", "{AEF4AC01-945D-4614-A7FD-9CD0B9A7AFB6}"
	ProjectSection(SolutionItems) = preProject
		..\build.proj = ..\build.proj
		Directory.Build.props = Directory.Build.props
		Directory.Build.targets = Directory.Build.targets
		NuGet.Config = NuGet.Config
		Version.targets = Version.targets
	EndProjectSection
EndProject
Project("{9A19103F-16F7-4668-BE54-9A1E7A4F7556}") = "Clide.Extensibility", "Clide.Extensibility\Clide.Extensibility.csproj", "{57025564-412E-4999-9F95-3D01B3B901DC}"
EndProject
Project("{9A19103F-16F7-4668-BE54-9A1E7A4F7556}") = "Clide", "Clide\Clide.csproj", "{A956DDCE-B365-4077-83A9-044D3CBF2D9F}"
EndProject
Project("{9A19103F-16F7-4668-BE54-9A1E7A4F7556}") = "Clide.Vsix", "Clide.Vsix\Clide.Vsix.csproj", "{351A900E-C0AC-4042-9E09-98C0F068969F}"
EndProject
Project("{9A19103F-16F7-4668-BE54-9A1E7A4F7556}") = "Clide.UnitTests", "Clide.UnitTests\Clide.UnitTests.csproj", "{EDC55F3D-F0C0-4698-8943-D408A735B23D}"
EndProject
Project("{9A19103F-16F7-4668-BE54-9A1E7A4F7556}") = "Clide.IntegrationTests", "Clide.IntegrationTests\Clide.IntegrationTests.csproj", "{FB94976B-D207-4858-A669-25FA2C03CC67}"
	ProjectSection(ProjectDependencies) = postProject
		{351A900E-C0AC-4042-9E09-98C0F068969F} = {351A900E-C0AC-4042-9E09-98C0F068969F}
	EndProjectSection
EndProject
Global
	GlobalSection(SolutionConfigurationPlatforms) = preSolution
		Debug|Any CPU = Debug|Any CPU
		Release|Any CPU = Release|Any CPU
	EndGlobalSection
	GlobalSection(ProjectConfigurationPlatforms) = postSolution
		{130DA87A-D189-4404-BC7B-F8F5106578B6}.Debug|Any CPU.ActiveCfg = Debug|Any CPU
		{130DA87A-D189-4404-BC7B-F8F5106578B6}.Debug|Any CPU.Build.0 = Debug|Any CPU
		{130DA87A-D189-4404-BC7B-F8F5106578B6}.Release|Any CPU.ActiveCfg = Release|Any CPU
		{130DA87A-D189-4404-BC7B-F8F5106578B6}.Release|Any CPU.Build.0 = Release|Any CPU
		{57025564-412E-4999-9F95-3D01B3B901DC}.Debug|Any CPU.ActiveCfg = Debug|Any CPU
		{57025564-412E-4999-9F95-3D01B3B901DC}.Debug|Any CPU.Build.0 = Debug|Any CPU
		{57025564-412E-4999-9F95-3D01B3B901DC}.Release|Any CPU.ActiveCfg = Release|Any CPU
		{57025564-412E-4999-9F95-3D01B3B901DC}.Release|Any CPU.Build.0 = Release|Any CPU
		{A956DDCE-B365-4077-83A9-044D3CBF2D9F}.Debug|Any CPU.ActiveCfg = Debug|Any CPU
		{A956DDCE-B365-4077-83A9-044D3CBF2D9F}.Debug|Any CPU.Build.0 = Debug|Any CPU
		{A956DDCE-B365-4077-83A9-044D3CBF2D9F}.Release|Any CPU.ActiveCfg = Release|Any CPU
		{A956DDCE-B365-4077-83A9-044D3CBF2D9F}.Release|Any CPU.Build.0 = Release|Any CPU
		{351A900E-C0AC-4042-9E09-98C0F068969F}.Debug|Any CPU.ActiveCfg = Debug|Any CPU
		{351A900E-C0AC-4042-9E09-98C0F068969F}.Debug|Any CPU.Build.0 = Debug|Any CPU
		{351A900E-C0AC-4042-9E09-98C0F068969F}.Release|Any CPU.ActiveCfg = Release|Any CPU
		{351A900E-C0AC-4042-9E09-98C0F068969F}.Release|Any CPU.Build.0 = Release|Any CPU
		{EDC55F3D-F0C0-4698-8943-D408A735B23D}.Debug|Any CPU.ActiveCfg = Debug|Any CPU
		{EDC55F3D-F0C0-4698-8943-D408A735B23D}.Debug|Any CPU.Build.0 = Debug|Any CPU
		{EDC55F3D-F0C0-4698-8943-D408A735B23D}.Release|Any CPU.ActiveCfg = Release|Any CPU
		{EDC55F3D-F0C0-4698-8943-D408A735B23D}.Release|Any CPU.Build.0 = Release|Any CPU
		{FB94976B-D207-4858-A669-25FA2C03CC67}.Debug|Any CPU.ActiveCfg = Debug|Any CPU
		{FB94976B-D207-4858-A669-25FA2C03CC67}.Debug|Any CPU.Build.0 = Debug|Any CPU
		{FB94976B-D207-4858-A669-25FA2C03CC67}.Release|Any CPU.ActiveCfg = Release|Any CPU
		{FB94976B-D207-4858-A669-25FA2C03CC67}.Release|Any CPU.Build.0 = Release|Any CPU
	EndGlobalSection
	GlobalSection(SolutionProperties) = preSolution
		HideSolutionNode = FALSE
	EndGlobalSection
	GlobalSection(ExtensibilityGlobals) = postSolution
		SolutionGuid = {8855B425-6591-4568-A076-EC51A817587C}
	EndGlobalSection
EndGlobal
