
Microsoft Visual Studio Solution File, Format Version 11.00
# Visual Studio 2010
Project("{FAE04EC0-301F-11D3-BF4B-00C04F79EFBC}") = "Core", "Core\Core.csproj", "{EAF59C6D-A973-48E6-A90A-5E894ECEC3F6}"
EndProject
Project("{FAE04EC0-301F-11D3-BF4B-00C04F79EFBC}") = "IntegrationTests", "IntegrationTests\IntegrationTests.csproj", "{DA6BC069-580E-4248-9E38-F20BDE688271}"
	ProjectSection(ProjectDependencies) = postProject
		{98518A57-A58F-4403-B4ED-8EEF8293D3AA} = {98518A57-A58F-4403-B4ED-8EEF8293D3AA}
	EndProjectSection
EndProject
Project("{2150E333-8FDC-42A3-9474-1A3956D46DE8}") = "Solution Items", "Solution Items", "{779AC312-94DE-4CCA-BEF6-22F568107B98}"
	ProjectSection(SolutionItems) = preProject
		build.bat = build.bat
		Clide.targets = Clide.targets
		Clide.vsmdi = Clide.vsmdi
		Local.testsettings = Local.testsettings
		TraceAndTestImpact.testsettings = TraceAndTestImpact.testsettings
	EndProjectSection
EndProject
Project("{FAE04EC0-301F-11D3-BF4B-00C04F79EFBC}") = "UnitTests", "UnitTests\UnitTests.csproj", "{3B640876-2510-4EED-8157-1ACB417C758D}"
EndProject
Project("{FAE04EC0-301F-11D3-BF4B-00C04F79EFBC}") = "IntegrationPackage", "IntegrationPackage\IntegrationPackage.csproj", "{98518A57-A58F-4403-B4ED-8EEF8293D3AA}"
EndProject
Project("{2150E333-8FDC-42A3-9474-1A3956D46DE8}") = ".nuget", ".nuget", "{E7AADC60-911A-43AE-B16C-0134D72D085C}"
	ProjectSection(SolutionItems) = preProject
		.nuget\NuGet.Config = .nuget\NuGet.Config
		.nuget\NuGet.exe = .nuget\NuGet.exe
		.nuget\NuGet.targets = .nuget\NuGet.targets
	EndProjectSection
EndProject
Global
	GlobalSection(TestCaseManagementSettings) = postSolution
		CategoryFile = Clide.vsmdi
	EndGlobalSection
	GlobalSection(SolutionConfigurationPlatforms) = preSolution
		Debug|x86 = Debug|x86
		Release|x86 = Release|x86
	EndGlobalSection
	GlobalSection(ProjectConfigurationPlatforms) = postSolution
		{EAF59C6D-A973-48E6-A90A-5E894ECEC3F6}.Debug|x86.ActiveCfg = Debug|x86
		{EAF59C6D-A973-48E6-A90A-5E894ECEC3F6}.Debug|x86.Build.0 = Debug|x86
		{EAF59C6D-A973-48E6-A90A-5E894ECEC3F6}.Release|x86.ActiveCfg = Release|x86
		{EAF59C6D-A973-48E6-A90A-5E894ECEC3F6}.Release|x86.Build.0 = Release|x86
		{DA6BC069-580E-4248-9E38-F20BDE688271}.Debug|x86.ActiveCfg = Debug|x86
		{DA6BC069-580E-4248-9E38-F20BDE688271}.Debug|x86.Build.0 = Debug|x86
		{DA6BC069-580E-4248-9E38-F20BDE688271}.Release|x86.ActiveCfg = Release|x86
		{DA6BC069-580E-4248-9E38-F20BDE688271}.Release|x86.Build.0 = Release|x86
		{3B640876-2510-4EED-8157-1ACB417C758D}.Debug|x86.ActiveCfg = Debug|x86
		{3B640876-2510-4EED-8157-1ACB417C758D}.Debug|x86.Build.0 = Debug|x86
		{3B640876-2510-4EED-8157-1ACB417C758D}.Release|x86.ActiveCfg = Release|x86
		{3B640876-2510-4EED-8157-1ACB417C758D}.Release|x86.Build.0 = Release|x86
		{98518A57-A58F-4403-B4ED-8EEF8293D3AA}.Debug|x86.ActiveCfg = Debug|x86
		{98518A57-A58F-4403-B4ED-8EEF8293D3AA}.Debug|x86.Build.0 = Debug|x86
		{98518A57-A58F-4403-B4ED-8EEF8293D3AA}.Release|x86.ActiveCfg = Release|x86
		{98518A57-A58F-4403-B4ED-8EEF8293D3AA}.Release|x86.Build.0 = Release|x86
	EndGlobalSection
	GlobalSection(SolutionProperties) = preSolution
		HideSolutionNode = FALSE
	EndGlobalSection
EndGlobal
