
Microsoft Visual Studio Solution File, Format Version 12.00
# Visual Studio 14
VisualStudioVersion = 14.0.23107.0
MinimumVisualStudioVersion = 10.0.40219.1
Project("{8BC9CEB8-8B4A-11D0-8D11-00A0C91BC942}") = "CppLibrary", "CppLibrary\CppLibrary.vcxproj", "{10A6EEA2-E168-466E-B99D-EA0A708A52A6}"
EndProject
Project("{FAE04EC0-301F-11D3-BF4B-00C04F79EFBC}") = "CsLibrary", "CsLibrary\CsLibrary.csproj", "{F1DB354D-8DB4-476C-9308-08CDC0E411F7}"
EndProject
Project("{F184B08F-C81C-45F6-A57F-5ABD9991F28F}") = "VbLibrary", "VbLibrary\VbLibrary.vbproj", "{A8EA2D18-4125-4CFD-A9DE-6112F38DF636}"
EndProject
Project("{FAE04EC0-301F-11D3-BF4B-00C04F79EFBC}") = "PclLibrary", "PclLibrary\PclLibrary.csproj", "{3EDE89EC-A461-4E2C-BE95-05F63B96926C}"
EndProject
Project("{2150E333-8FDC-42A3-9474-1A3956D46DE8}") = "Native", "Native", "{D0381894-694F-4E02-8415-151561B84931}"
EndProject
Project("{2150E333-8FDC-42A3-9474-1A3956D46DE8}") = "Solution Items", "Solution Items", "{6F9B48DC-B69D-48FB-A883-E23C01D18194}"
	ProjectSection(SolutionItems) = preProject
		SolutionItem.txt = SolutionItem.txt
	EndProjectSection
EndProject
Project("{F2A71F9B-5D33-465A-A702-920D77279786}") = "FsLibrary", "FsLibrary\FsLibrary.fsproj", "{B7009850-92BD-4926-A2A6-1208F1DCD645}"
EndProject
Global
	GlobalSection(SharedMSBuildProjectFiles) = preSolution
		CppShared\CppShared.vcxitems*{10a6eea2-e168-466e-b99d-ea0a708a52a6}*SharedItemsImports = 4
		CsShared\CsShared.projitems*{f1db354d-8db4-476c-9308-08cdc0e411f7}*SharedItemsImports = 4
	EndGlobalSection
	GlobalSection(SolutionConfigurationPlatforms) = preSolution
		Debug|Any CPU = Debug|Any CPU
		Debug|ARM = Debug|ARM
		Debug|x64 = Debug|x64
		Debug|x86 = Debug|x86
		Release|Any CPU = Release|Any CPU
		Release|ARM = Release|ARM
		Release|x64 = Release|x64
		Release|x86 = Release|x86
	EndGlobalSection
	GlobalSection(ProjectConfigurationPlatforms) = postSolution
		{10A6EEA2-E168-466E-B99D-EA0A708A52A6}.Debug|Any CPU.ActiveCfg = Debug|Win32
		{10A6EEA2-E168-466E-B99D-EA0A708A52A6}.Debug|ARM.ActiveCfg = Debug|Win32
		{10A6EEA2-E168-466E-B99D-EA0A708A52A6}.Debug|x64.ActiveCfg = Debug|x64
		{10A6EEA2-E168-466E-B99D-EA0A708A52A6}.Debug|x64.Build.0 = Debug|x64
		{10A6EEA2-E168-466E-B99D-EA0A708A52A6}.Debug|x86.ActiveCfg = Debug|Win32
		{10A6EEA2-E168-466E-B99D-EA0A708A52A6}.Debug|x86.Build.0 = Debug|Win32
		{10A6EEA2-E168-466E-B99D-EA0A708A52A6}.Release|Any CPU.ActiveCfg = Release|Win32
		{10A6EEA2-E168-466E-B99D-EA0A708A52A6}.Release|ARM.ActiveCfg = Release|Win32
		{10A6EEA2-E168-466E-B99D-EA0A708A52A6}.Release|x64.ActiveCfg = Release|x64
		{10A6EEA2-E168-466E-B99D-EA0A708A52A6}.Release|x64.Build.0 = Release|x64
		{10A6EEA2-E168-466E-B99D-EA0A708A52A6}.Release|x86.ActiveCfg = Release|Win32
		{10A6EEA2-E168-466E-B99D-EA0A708A52A6}.Release|x86.Build.0 = Release|Win32
		{F1DB354D-8DB4-476C-9308-08CDC0E411F7}.Debug|Any CPU.ActiveCfg = Debug|Any CPU
		{F1DB354D-8DB4-476C-9308-08CDC0E411F7}.Debug|Any CPU.Build.0 = Debug|Any CPU
		{F1DB354D-8DB4-476C-9308-08CDC0E411F7}.Debug|ARM.ActiveCfg = Debug|Any CPU
		{F1DB354D-8DB4-476C-9308-08CDC0E411F7}.Debug|ARM.Build.0 = Debug|Any CPU
		{F1DB354D-8DB4-476C-9308-08CDC0E411F7}.Debug|x64.ActiveCfg = Debug|Any CPU
		{F1DB354D-8DB4-476C-9308-08CDC0E411F7}.Debug|x64.Build.0 = Debug|Any CPU
		{F1DB354D-8DB4-476C-9308-08CDC0E411F7}.Debug|x86.ActiveCfg = Debug|Any CPU
		{F1DB354D-8DB4-476C-9308-08CDC0E411F7}.Debug|x86.Build.0 = Debug|Any CPU
		{F1DB354D-8DB4-476C-9308-08CDC0E411F7}.Release|Any CPU.ActiveCfg = Release|Any CPU
		{F1DB354D-8DB4-476C-9308-08CDC0E411F7}.Release|Any CPU.Build.0 = Release|Any CPU
		{F1DB354D-8DB4-476C-9308-08CDC0E411F7}.Release|ARM.ActiveCfg = Release|Any CPU
		{F1DB354D-8DB4-476C-9308-08CDC0E411F7}.Release|ARM.Build.0 = Release|Any CPU
		{F1DB354D-8DB4-476C-9308-08CDC0E411F7}.Release|x64.ActiveCfg = Release|Any CPU
		{F1DB354D-8DB4-476C-9308-08CDC0E411F7}.Release|x64.Build.0 = Release|Any CPU
		{F1DB354D-8DB4-476C-9308-08CDC0E411F7}.Release|x86.ActiveCfg = Release|Any CPU
		{F1DB354D-8DB4-476C-9308-08CDC0E411F7}.Release|x86.Build.0 = Release|Any CPU
		{A8EA2D18-4125-4CFD-A9DE-6112F38DF636}.Debug|Any CPU.ActiveCfg = Debug|Any CPU
		{A8EA2D18-4125-4CFD-A9DE-6112F38DF636}.Debug|Any CPU.Build.0 = Debug|Any CPU
		{A8EA2D18-4125-4CFD-A9DE-6112F38DF636}.Debug|ARM.ActiveCfg = Debug|Any CPU
		{A8EA2D18-4125-4CFD-A9DE-6112F38DF636}.Debug|ARM.Build.0 = Debug|Any CPU
		{A8EA2D18-4125-4CFD-A9DE-6112F38DF636}.Debug|x64.ActiveCfg = Debug|Any CPU
		{A8EA2D18-4125-4CFD-A9DE-6112F38DF636}.Debug|x64.Build.0 = Debug|Any CPU
		{A8EA2D18-4125-4CFD-A9DE-6112F38DF636}.Debug|x86.ActiveCfg = Debug|Any CPU
		{A8EA2D18-4125-4CFD-A9DE-6112F38DF636}.Debug|x86.Build.0 = Debug|Any CPU
		{A8EA2D18-4125-4CFD-A9DE-6112F38DF636}.Release|Any CPU.ActiveCfg = Release|Any CPU
		{A8EA2D18-4125-4CFD-A9DE-6112F38DF636}.Release|Any CPU.Build.0 = Release|Any CPU
		{A8EA2D18-4125-4CFD-A9DE-6112F38DF636}.Release|ARM.ActiveCfg = Release|Any CPU
		{A8EA2D18-4125-4CFD-A9DE-6112F38DF636}.Release|ARM.Build.0 = Release|Any CPU
		{A8EA2D18-4125-4CFD-A9DE-6112F38DF636}.Release|x64.ActiveCfg = Release|Any CPU
		{A8EA2D18-4125-4CFD-A9DE-6112F38DF636}.Release|x64.Build.0 = Release|Any CPU
		{A8EA2D18-4125-4CFD-A9DE-6112F38DF636}.Release|x86.ActiveCfg = Release|Any CPU
		{A8EA2D18-4125-4CFD-A9DE-6112F38DF636}.Release|x86.Build.0 = Release|Any CPU
		{3EDE89EC-A461-4E2C-BE95-05F63B96926C}.Debug|Any CPU.ActiveCfg = Debug|Any CPU
		{3EDE89EC-A461-4E2C-BE95-05F63B96926C}.Debug|Any CPU.Build.0 = Debug|Any CPU
		{3EDE89EC-A461-4E2C-BE95-05F63B96926C}.Debug|ARM.ActiveCfg = Debug|Any CPU
		{3EDE89EC-A461-4E2C-BE95-05F63B96926C}.Debug|ARM.Build.0 = Debug|Any CPU
		{3EDE89EC-A461-4E2C-BE95-05F63B96926C}.Debug|x64.ActiveCfg = Debug|Any CPU
		{3EDE89EC-A461-4E2C-BE95-05F63B96926C}.Debug|x64.Build.0 = Debug|Any CPU
		{3EDE89EC-A461-4E2C-BE95-05F63B96926C}.Debug|x86.ActiveCfg = Debug|Any CPU
		{3EDE89EC-A461-4E2C-BE95-05F63B96926C}.Debug|x86.Build.0 = Debug|Any CPU
		{3EDE89EC-A461-4E2C-BE95-05F63B96926C}.Release|Any CPU.ActiveCfg = Release|Any CPU
		{3EDE89EC-A461-4E2C-BE95-05F63B96926C}.Release|Any CPU.Build.0 = Release|Any CPU
		{3EDE89EC-A461-4E2C-BE95-05F63B96926C}.Release|ARM.ActiveCfg = Release|Any CPU
		{3EDE89EC-A461-4E2C-BE95-05F63B96926C}.Release|ARM.Build.0 = Release|Any CPU
		{3EDE89EC-A461-4E2C-BE95-05F63B96926C}.Release|x64.ActiveCfg = Release|Any CPU
		{3EDE89EC-A461-4E2C-BE95-05F63B96926C}.Release|x64.Build.0 = Release|Any CPU
		{3EDE89EC-A461-4E2C-BE95-05F63B96926C}.Release|x86.ActiveCfg = Release|Any CPU
		{3EDE89EC-A461-4E2C-BE95-05F63B96926C}.Release|x86.Build.0 = Release|Any CPU
		{B7009850-92BD-4926-A2A6-1208F1DCD645}.Debug|Any CPU.ActiveCfg = Debug|Any CPU
		{B7009850-92BD-4926-A2A6-1208F1DCD645}.Debug|Any CPU.Build.0 = Debug|Any CPU
		{B7009850-92BD-4926-A2A6-1208F1DCD645}.Debug|ARM.ActiveCfg = Debug|Any CPU
		{B7009850-92BD-4926-A2A6-1208F1DCD645}.Debug|ARM.Build.0 = Debug|Any CPU
		{B7009850-92BD-4926-A2A6-1208F1DCD645}.Debug|x64.ActiveCfg = Debug|Any CPU
		{B7009850-92BD-4926-A2A6-1208F1DCD645}.Debug|x64.Build.0 = Debug|Any CPU
		{B7009850-92BD-4926-A2A6-1208F1DCD645}.Debug|x86.ActiveCfg = Debug|Any CPU
		{B7009850-92BD-4926-A2A6-1208F1DCD645}.Debug|x86.Build.0 = Debug|Any CPU
		{B7009850-92BD-4926-A2A6-1208F1DCD645}.Release|Any CPU.ActiveCfg = Release|Any CPU
		{B7009850-92BD-4926-A2A6-1208F1DCD645}.Release|Any CPU.Build.0 = Release|Any CPU
		{B7009850-92BD-4926-A2A6-1208F1DCD645}.Release|ARM.ActiveCfg = Release|Any CPU
		{B7009850-92BD-4926-A2A6-1208F1DCD645}.Release|ARM.Build.0 = Release|Any CPU
		{B7009850-92BD-4926-A2A6-1208F1DCD645}.Release|x64.ActiveCfg = Release|Any CPU
		{B7009850-92BD-4926-A2A6-1208F1DCD645}.Release|x64.Build.0 = Release|Any CPU
		{B7009850-92BD-4926-A2A6-1208F1DCD645}.Release|x86.ActiveCfg = Release|Any CPU
		{B7009850-92BD-4926-A2A6-1208F1DCD645}.Release|x86.Build.0 = Release|Any CPU
	EndGlobalSection
	GlobalSection(SolutionProperties) = preSolution
		HideSolutionNode = FALSE
	EndGlobalSection
	GlobalSection(NestedProjects) = preSolution
		{10A6EEA2-E168-466E-B99D-EA0A708A52A6} = {D0381894-694F-4E02-8415-151561B84931}
		{F1DB354D-8DB4-476C-9308-08CDC0E411F7} = {D0381894-694F-4E02-8415-151561B84931}
		{A8EA2D18-4125-4CFD-A9DE-6112F38DF636} = {D0381894-694F-4E02-8415-151561B84931}
		{B7009850-92BD-4926-A2A6-1208F1DCD645} = {D0381894-694F-4E02-8415-151561B84931}
	EndGlobalSection
EndGlobal
